
Microsoft Visual Studio Solution File, Format Version 12.00
# Visual Studio Version 17
VisualStudioVersion = 17.4.33213.308
MinimumVisualStudioVersion = 10.0.40219.1
Project("{FAE04EC0-301F-11D3-BF4B-00C04F79EFBC}") = "MyDonor.WebApp", "MyDonor.WebApp\MyDonor.WebApp.csproj", "{0C16055F-38A8-4DB7-8ADC-29AC39B1A041}"
EndProject
Global
	GlobalSection(SolutionConfigurationPlatforms) = preSolution
		Debug|Any CPU = Debug|Any CPU
		Release|Any CPU = Release|Any CPU
	EndGlobalSection
	GlobalSection(ProjectConfigurationPlatforms) = postSolution
		{0C16055F-38A8-4DB7-8ADC-29AC39B1A041}.Debug|Any CPU.ActiveCfg = Debug|Any CPU
		{0C16055F-38A8-4DB7-8ADC-29AC39B1A041}.Debug|Any CPU.Build.0 = Debug|Any CPU
		{0C16055F-38A8-4DB7-8ADC-29AC39B1A041}.Release|Any CPU.ActiveCfg = Release|Any CPU
		{0C16055F-38A8-4DB7-8ADC-29AC39B1A041}.Release|Any CPU.Build.0 = Release|Any CPU
	EndGlobalSection
	GlobalSection(SolutionProperties) = preSolution
		HideSolutionNode = FALSE
	EndGlobalSection
	GlobalSection(ExtensibilityGlobals) = postSolution
		SolutionGuid = {26E0A5B2-A993-43A3-AC11-CE3F6D422CDC}
	EndGlobalSection
EndGlobal
